
Microsoft Visual Studio Solution File, Format Version 12.00
# Visual Studio 15
VisualStudioVersion = 15.0.26730.16
MinimumVisualStudioVersion = 10.0.40219.1
Project("{FAE04EC0-301F-11D3-BF4B-00C04F79EFBC}") = "ClassDemoRestPerson", "ClassDemoRestPerson\ClassDemoRestPerson.csproj", "{173C7E3A-F389-4810-A0E1-AA72523ECE31}"
EndProject
Project("{FAE04EC0-301F-11D3-BF4B-00C04F79EFBC}") = "ClassDemoRestPersonTests", "ClassDemoRestPersonTests\ClassDemoRestPersonTests.csproj", "{1D47A4DE-7A2B-4CE1-8EF4-9438F9D2522B}"
EndProject
Global
	GlobalSection(SolutionConfigurationPlatforms) = preSolution
		Debug|Any CPU = Debug|Any CPU
		Release|Any CPU = Release|Any CPU
	EndGlobalSection
	GlobalSection(ProjectConfigurationPlatforms) = postSolution
		{173C7E3A-F389-4810-A0E1-AA72523ECE31}.Debug|Any CPU.ActiveCfg = Debug|Any CPU
		{173C7E3A-F389-4810-A0E1-AA72523ECE31}.Debug|Any CPU.Build.0 = Debug|Any CPU
		{173C7E3A-F389-4810-A0E1-AA72523ECE31}.Release|Any CPU.ActiveCfg = Release|Any CPU
		{173C7E3A-F389-4810-A0E1-AA72523ECE31}.Release|Any CPU.Build.0 = Release|Any CPU
		{1D47A4DE-7A2B-4CE1-8EF4-9438F9D2522B}.Debug|Any CPU.ActiveCfg = Debug|Any CPU
		{1D47A4DE-7A2B-4CE1-8EF4-9438F9D2522B}.Debug|Any CPU.Build.0 = Debug|Any CPU
		{1D47A4DE-7A2B-4CE1-8EF4-9438F9D2522B}.Release|Any CPU.ActiveCfg = Release|Any CPU
		{1D47A4DE-7A2B-4CE1-8EF4-9438F9D2522B}.Release|Any CPU.Build.0 = Release|Any CPU
	EndGlobalSection
	GlobalSection(SolutionProperties) = preSolution
		HideSolutionNode = FALSE
	EndGlobalSection
	GlobalSection(ExtensibilityGlobals) = postSolution
		SolutionGuid = {AD3000C3-0D05-4AA4-BBFE-5C4B0CBF5C74}
	EndGlobalSection
EndGlobal
